Microsoft Visual Studio Solution File, Format Version 12.00
# Visual Studio Version 17
VisualStudioVersion = 17.5.2.0
MinimumVisualStudioVersion = 10.0.40219.1
Project("{FAE04EC0-301F-11D3-BF4B-00C04F79EFBC}") = "Project", "Project\Project.csproj", "{7A5AFDA7-98E5-90C4-3164-A14884667405}"
EndProject
Project("{FAE04EC0-301F-11D3-BF4B-00C04F79EFBC}") = "CPPR.Domain", "CPPR.Domain\CPPR.Domain.csproj", "{C04EB34A-8E13-4DA0-A3DC-BEC53B3D7D99}"
EndProject
Project("{FAE04EC0-301F-11D3-BF4B-00C04F79EFBC}") = "CPPR.API", "CPPR.API\CPPR.API.csproj", "{176F881C-C281-4454-8999-308F36A3AAA5}"
EndProject
Global
	GlobalSection(SolutionConfigurationPlatforms) = preSolution
		Debug|Any CPU = Debug|Any CPU
		Release|Any CPU = Release|Any CPU
	EndGlobalSection
	GlobalSection(ProjectConfigurationPlatforms) = postSolution
		{7A5AFDA7-98E5-90C4-3164-A14884667405}.Debug|Any CPU.ActiveCfg = Debug|Any CPU
		{7A5AFDA7-98E5-90C4-3164-A14884667405}.Debug|Any CPU.Build.0 = Debug|Any CPU
		{7A5AFDA7-98E5-90C4-3164-A14884667405}.Release|Any CPU.ActiveCfg = Release|Any CPU
		{7A5AFDA7-98E5-90C4-3164-A14884667405}.Release|Any CPU.Build.0 = Release|Any CPU
		{C04EB34A-8E13-4DA0-A3DC-BEC53B3D7D99}.Debug|Any CPU.ActiveCfg = Debug|Any CPU
		{C04EB34A-8E13-4DA0-A3DC-BEC53B3D7D99}.Debug|Any CPU.Build.0 = Debug|Any CPU
		{C04EB34A-8E13-4DA0-A3DC-BEC53B3D7D99}.Release|Any CPU.ActiveCfg = Release|Any CPU
		{C04EB34A-8E13-4DA0-A3DC-BEC53B3D7D99}.Release|Any CPU.Build.0 = Release|Any CPU
		{176F881C-C281-4454-8999-308F36A3AAA5}.Debug|Any CPU.ActiveCfg = Debug|Any CPU
		{176F881C-C281-4454-8999-308F36A3AAA5}.Debug|Any CPU.Build.0 = Debug|Any CPU
		{176F881C-C281-4454-8999-308F36A3AAA5}.Release|Any CPU.ActiveCfg = Release|Any CPU
		{176F881C-C281-4454-8999-308F36A3AAA5}.Release|Any CPU.Build.0 = Release|Any CPU
	EndGlobalSection
	GlobalSection(SolutionProperties) = preSolution
		HideSolutionNode = FALSE
	EndGlobalSection
	GlobalSection(ExtensibilityGlobals) = postSolution
		SolutionGuid = {4162F590-EA67-432F-BE69-41BF7724889D}
	EndGlobalSection
EndGlobal
